// !$*UTF8*$!
{
	archiveVersion = 1;
	classes = {
	};
	objectVersion = 50;
	objects = {

/* Begin PBXBuildFile section */
		D11F6B74216A0FF4002813D0 /* TextDisplayVC.xib in Resources */ = {isa = PBXBuildFile; fileRef = D11F6B73216A0FF4002813D0 /* TextDisplayVC.xib */; };
		D12598722165059B0027065D /* AppDelegate.swift in Sources */ = {isa = PBXBuildFile; fileRef = D12598712165059B0027065D /* AppDelegate.swift */; };
		D12598772165059B0027065D /* StartMenu.storyboard in Resources */ = {isa = PBXBuildFile; fileRef = D12598752165059B0027065D /* StartMenu.storyboard */; };
		D12598792165059C0027065D /* Assets.xcassets in Resources */ = {isa = PBXBuildFile; fileRef = D12598782165059C0027065D /* Assets.xcassets */; };
		D125987C2165059C0027065D /* LaunchScreen.storyboard in Resources */ = {isa = PBXBuildFile; fileRef = D125987A2165059C0027065D /* LaunchScreen.storyboard */; };
		D125988521650BD20027065D /* Logger.swift in Sources */ = {isa = PBXBuildFile; fileRef = D125988421650BD20027065D /* Logger.swift */; };
		D125988B21650CA60027065D /* TableViewDataSource.swift in Sources */ = {isa = PBXBuildFile; fileRef = D125988A21650CA60027065D /* TableViewDataSource.swift */; };
		D125988D21650DAD0027065D /* TableViewDelegate.swift in Sources */ = {isa = PBXBuildFile; fileRef = D125988C21650DAD0027065D /* TableViewDelegate.swift */; };
		D125989321650F160027065D /* SideMenuVC.xib in Resources */ = {isa = PBXBuildFile; fileRef = D125989121650F150027065D /* SideMenuVC.xib */; };
		D125989421650F160027065D /* SideMenuVC.swift in Sources */ = {isa = PBXBuildFile; fileRef = D125989221650F160027065D /* SideMenuVC.swift */; };
		D1259897216512910027065D /* NewGameVC.swift in Sources */ = {isa = PBXBuildFile; fileRef = D1259896216512910027065D /* NewGameVC.swift */; };
		D1259899216513090027065D /* StartMenuVC.swift in Sources */ = {isa = PBXBuildFile; fileRef = D1259898216513090027065D /* StartMenuVC.swift */; };
		D125989C216517840027065D /* Game.storyboard in Resources */ = {isa = PBXBuildFile; fileRef = D125989B216517840027065D /* Game.storyboard */; };
		D125989E216517AB0027065D /* GameVC.swift in Sources */ = {isa = PBXBuildFile; fileRef = D125989D216517AB0027065D /* GameVC.swift */; };
		D12598A121651A0D0027065D /* InteractionMenuVC.swift in Sources */ = {isa = PBXBuildFile; fileRef = D12598A021651A0D0027065D /* InteractionMenuVC.swift */; };
		D12598A621651DAD0027065D /* BaseDataManager.swift in Sources */ = {isa = PBXBuildFile; fileRef = D12598A521651DAD0027065D /* BaseDataManager.swift */; };
		D12598A92168EAAD0027065D /* TextDisplayVC.swift in Sources */ = {isa = PBXBuildFile; fileRef = D12598A82168EAAD0027065D /* TextDisplayVC.swift */; };
		D12598AB2168ECAF0027065D /* Globals.swift in Sources */ = {isa = PBXBuildFile; fileRef = D12598AA2168ECAF0027065D /* Globals.swift */; };
		D12598AE2168F6330027065D /* UIViewController.swift in Sources */ = {isa = PBXBuildFile; fileRef = D12598AD2168F6330027065D /* UIViewController.swift */; };
		D12598B02169065A0027065D /* TextDisplayCell.xib in Resources */ = {isa = PBXBuildFile; fileRef = D12598AF2169065A0027065D /* TextDisplayCell.xib */; };
		D12598B2216906A80027065D /* TextDisplayCell.swift in Sources */ = {isa = PBXBuildFile; fileRef = D12598B1216906A80027065D /* TextDisplayCell.swift */; };
		D12E31212175EDD800DE4053 /* InteractionMenuVC.xib in Resources */ = {isa = PBXBuildFile; fileRef = D12E31202175EDD800DE4053 /* InteractionMenuVC.xib */; };
		D12E31232175F35A00DE4053 /* Array.swift in Sources */ = {isa = PBXBuildFile; fileRef = D12E31222175F35A00DE4053 /* Array.swift */; };
		D12E3128217613CF00DE4053 /* MenuButton.swift in Sources */ = {isa = PBXBuildFile; fileRef = D12E3127217613CF00DE4053 /* MenuButton.swift */; };
/* End PBXBuildFile section */

/* Begin PBXFileReference section */
		D11F6B73216A0FF4002813D0 /* TextDisplayVC.xib */ = {isa = PBXFileReference; lastKnownFileType = file.xib; path = TextDisplayVC.xib; sourceTree = "<group>"; };
		D125986E2165059B0027065D /* Adventure.app */ = {isa = PBXFileReference; explicitFileType = wrapper.application; includeInIndex = 0; path = Adventure.app; sourceTree = BUILT_PRODUCTS_DIR; };
		D12598712165059B0027065D /* AppDelegate.swift */ = {isa = PBXFileReference; lastKnownFileType = sourcecode.swift; path = AppDelegate.swift; sourceTree = "<group>"; };
		D12598762165059B0027065D /* Base */ = {isa = PBXFileReference; lastKnownFileType = file.storyboard; name = Base; path = Base.lproj/StartMenu.storyboard; sourceTree = "<group>"; };
		D12598782165059C0027065D /* Assets.xcassets */ = {isa = PBXFileReference; lastKnownFileType = folder.assetcatalog; path = Assets.xcassets; sourceTree = "<group>"; };
		D125987B2165059C0027065D /* Base */ = {isa = PBXFileReference; lastKnownFileType = file.storyboard; name = Base; path = Base.lproj/LaunchScreen.storyboard; sourceTree = "<group>"; };
		D125987D2165059C0027065D /* Info.plist */ = {isa = PBXFileReference; lastKnownFileType = text.plist.xml; path = Info.plist; sourceTree = "<group>"; };
		D125988421650BD20027065D /* Logger.swift */ = {isa = PBXFileReference; lastKnownFileType = sourcecode.swift; path = Logger.swift; sourceTree = "<group>"; };
		D125988A21650CA60027065D /* TableViewDataSource.swift */ = {isa = PBXFileReference; lastKnownFileType = sourcecode.swift; path = TableViewDataSource.swift; sourceTree = "<group>"; };
		D125988C21650DAD0027065D /* TableViewDelegate.swift */ = {isa = PBXFileReference; lastKnownFileType = sourcecode.swift; path = TableViewDelegate.swift; sourceTree = "<group>"; };
		D125989121650F150027065D /* SideMenuVC.xib */ = {isa = PBXFileReference; fileEncoding = 4; lastKnownFileType = file.xib; path = SideMenuVC.xib; sourceTree = "<group>"; };
		D125989221650F160027065D /* SideMenuVC.swift */ = {isa = PBXFileReference; fileEncoding = 4; lastKnownFileType = sourcecode.swift; path = SideMenuVC.swift; sourceTree = "<group>"; };
		D1259896216512910027065D /* NewGameVC.swift */ = {isa = PBXFileReference; lastKnownFileType = sourcecode.swift; path = NewGameVC.swift; sourceTree = "<group>"; };
		D1259898216513090027065D /* StartMenuVC.swift */ = {isa = PBXFileReference; lastKnownFileType = sourcecode.swift; path = StartMenuVC.swift; sourceTree = "<group>"; };
		D125989B216517840027065D /* Game.storyboard */ = {isa = PBXFileReference; lastKnownFileType = file.storyboard; path = Game.storyboard; sourceTree = "<group>"; };
		D125989D216517AB0027065D /* GameVC.swift */ = {isa = PBXFileReference; lastKnownFileType = sourcecode.swift; path = GameVC.swift; sourceTree = "<group>"; };
		D12598A021651A0D0027065D /* InteractionMenuVC.swift */ = {isa = PBXFileReference; lastKnownFileType = sourcecode.swift; path = InteractionMenuVC.swift; sourceTree = "<group>"; };
		D12598A521651DAD0027065D /* BaseDataManager.swift */ = {isa = PBXFileReference; lastKnownFileType = sourcecode.swift; path = BaseDataManager.swift; sourceTree = "<group>"; };
		D12598A82168EAAD0027065D /* TextDisplayVC.swift */ = {isa = PBXFileReference; lastKnownFileType = sourcecode.swift; path = TextDisplayVC.swift; sourceTree = "<group>"; };
		D12598AA2168ECAF0027065D /* Globals.swift */ = {isa = PBXFileReference; fileEncoding = 4; lastKnownFileType = sourcecode.swift; path = Globals.swift; sourceTree = "<group>"; };
		D12598AD2168F6330027065D /* UIViewController.swift */ = {isa = PBXFileReference; lastKnownFileType = sourcecode.swift; path = UIViewController.swift; sourceTree = "<group>"; };
		D12598AF2169065A0027065D /* TextDisplayCell.xib */ = {isa = PBXFileReference; lastKnownFileType = file.xib; path = TextDisplayCell.xib; sourceTree = "<group>"; };
		D12598B1216906A80027065D /* TextDisplayCell.swift */ = {isa = PBXFileReference; lastKnownFileType = sourcecode.swift; path = TextDisplayCell.swift; sourceTree = "<group>"; };
		D12E31202175EDD800DE4053 /* InteractionMenuVC.xib */ = {isa = PBXFileReference; lastKnownFileType = file.xib; path = InteractionMenuVC.xib; sourceTree = "<group>"; };
		D12E31222175F35A00DE4053 /* Array.swift */ = {isa = PBXFileReference; lastKnownFileType = sourcecode.swift; path = Array.swift; sourceTree = "<group>"; };
		D12E3127217613CF00DE4053 /* MenuButton.swift */ = {isa = PBXFileReference; lastKnownFileType = sourcecode.swift; path = MenuButton.swift; sourceTree = "<group>"; };
/* End PBXFileReference section */

/* Begin PBXFrameworksBuildPhase section */
		D125986B2165059B0027065D /* Frameworks */ = {
			isa = PBXFrameworksBuildPhase;
			buildActionMask = 2147483647;
			files = (
			);
			runOnlyForDeploymentPostprocessing = 0;
		};
/* End PBXFrameworksBuildPhase section */

/* Begin PBXGroup section */
		D12598652165059B0027065D = {
			isa = PBXGroup;
			children = (
				D12598702165059B0027065D /* Adventure */,
				D125986F2165059B0027065D /* Products */,
			);
			sourceTree = "<group>";
		};
		D125986F2165059B0027065D /* Products */ = {
			isa = PBXGroup;
			children = (
				D125986E2165059B0027065D /* Adventure.app */,
			);
			name = Products;
			sourceTree = "<group>";
		};
		D12598702165059B0027065D /* Adventure */ = {
			isa = PBXGroup;
			children = (
				D12598AC2168F6220027065D /* Extensions */,
				D12598A421651D800027065D /* DataManagers */,
				D12598A221651D620027065D /* Resources */,
				D125989A216516F60027065D /* Storyboards */,
				D1259895216512630027065D /* ViewControllers */,
				D125988621650C420027065D /* Common */,
				D125988321650BB80027065D /* Utils */,
				D12598712165059B0027065D /* AppDelegate.swift */,
				D12598782165059C0027065D /* Assets.xcassets */,
				D125987A2165059C0027065D /* LaunchScreen.storyboard */,
				D125987D2165059C0027065D /* Info.plist */,
			);
			path = Adventure;
			sourceTree = "<group>";
		};
		D125988321650BB80027065D /* Utils */ = {
			isa = PBXGroup;
			children = (
				D12E31242175F8D500DE4053 /* Views */,
				D12598AA2168ECAF0027065D /* Globals.swift */,
				D125988421650BD20027065D /* Logger.swift */,
			);
			path = Utils;
			sourceTree = "<group>";
		};
		D125988621650C420027065D /* Common */ = {
			isa = PBXGroup;
			children = (
				D12598A72168EA3C0027065D /* TextDisplayView */,
				D125989F216519E30027065D /* InteractionMenu */,
				D125988E21650EBD0027065D /* SideMenu */,
				D125988921650C8D0027065D /* TableView */,
			);
			path = Common;
			sourceTree = "<group>";
		};
		D125988921650C8D0027065D /* TableView */ = {
			isa = PBXGroup;
			children = (
				D125988A21650CA60027065D /* TableViewDataSource.swift */,
				D125988C21650DAD0027065D /* TableViewDelegate.swift */,
			);
			path = TableView;
			sourceTree = "<group>";
		};
		D125988E21650EBD0027065D /* SideMenu */ = {
			isa = PBXGroup;
			children = (
				D125989221650F160027065D /* SideMenuVC.swift */,
				D125989121650F150027065D /* SideMenuVC.xib */,
			);
			path = SideMenu;
			sourceTree = "<group>";
		};
		D1259895216512630027065D /* ViewControllers */ = {
			isa = PBXGroup;
			children = (
				D1259896216512910027065D /* NewGameVC.swift */,
				D1259898216513090027065D /* StartMenuVC.swift */,
				D125989D216517AB0027065D /* GameVC.swift */,
			);
			path = ViewControllers;
			sourceTree = "<group>";
		};
		D125989A216516F60027065D /* Storyboards */ = {
			isa = PBXGroup;
			children = (
				D12598752165059B0027065D /* StartMenu.storyboard */,
				D125989B216517840027065D /* Game.storyboard */,
			);
			path = Storyboards;
			sourceTree = "<group>";
		};
		D125989F216519E30027065D /* InteractionMenu */ = {
			isa = PBXGroup;
			children = (
				D12598A021651A0D0027065D /* InteractionMenuVC.swift */,
				D12E31202175EDD800DE4053 /* InteractionMenuVC.xib */,
				D12E3127217613CF00DE4053 /* MenuButton.swift */,
			);
			path = InteractionMenu;
			sourceTree = "<group>";
		};
		D12598A221651D620027065D /* Resources */ = {
			isa = PBXGroup;
			children = (
				D12598A321651D6F0027065D /* Textfiles */,
			);
			path = Resources;
			sourceTree = "<group>";
		};
		D12598A321651D6F0027065D /* Textfiles */ = {
			isa = PBXGroup;
			children = (
			);
			path = Textfiles;
			sourceTree = "<group>";
		};
		D12598A421651D800027065D /* DataManagers */ = {
			isa = PBXGroup;
			children = (
				D12598A521651DAD0027065D /* BaseDataManager.swift */,
			);
			path = DataManagers;
			sourceTree = "<group>";
		};
		D12598A72168EA3C0027065D /* TextDisplayView */ = {
			isa = PBXGroup;
			children = (
				D12598A82168EAAD0027065D /* TextDisplayVC.swift */,
				D12598AF2169065A0027065D /* TextDisplayCell.xib */,
				D12598B1216906A80027065D /* TextDisplayCell.swift */,
				D11F6B73216A0FF4002813D0 /* TextDisplayVC.xib */,
			);
			path = TextDisplayView;
			sourceTree = "<group>";
		};
		D12598AC2168F6220027065D /* Extensions */ = {
			isa = PBXGroup;
			children = (
				D12598AD2168F6330027065D /* UIViewController.swift */,
				D12E31222175F35A00DE4053 /* Array.swift */,
			);
			path = Extensions;
			sourceTree = "<group>";
		};
		D12E31242175F8D500DE4053 /* Views */ = {
			isa = PBXGroup;
			children = (
			);
			path = Views;
			sourceTree = "<group>";
		};
/* End PBXGroup section */

/* Begin PBXNativeTarget section */
		D125986D2165059B0027065D /* Adventure */ = {
			isa = PBXNativeTarget;
			buildConfigurationList = D12598802165059C0027065D /* Build configuration list for PBXNativeTarget "Adventure" */;
			buildPhases = (
				D125986A2165059B0027065D /* Sources */,
				D125986B2165059B0027065D /* Frameworks */,
				D125986C2165059B0027065D /* Resources */,
			);
			buildRules = (
			);
			dependencies = (
			);
			name = Adventure;
			productName = Adventure;
			productReference = D125986E2165059B0027065D /* Adventure.app */;
			productType = "com.apple.product-type.application";
		};
/* End PBXNativeTarget section */

/* Begin PBXProject section */
		D12598662165059B0027065D /* Project object */ = {
			isa = PBXProject;
			attributes = {
				LastSwiftUpdateCheck = 0940;
				LastUpgradeCheck = 0940;
				ORGANIZATIONNAME = "Annie Persson";
				TargetAttributes = {
					D125986D2165059B0027065D = {
						CreatedOnToolsVersion = 9.4.1;
					};
				};
			};
			buildConfigurationList = D12598692165059B0027065D /* Build configuration list for PBXProject "Adventure" */;
			compatibilityVersion = "Xcode 9.3";
			developmentRegion = en;
			hasScannedForEncodings = 0;
			knownRegions = (
				en,
				Base,
			);
			mainGroup = D12598652165059B0027065D;
			productRefGroup = D125986F2165059B0027065D /* Products */;
			projectDirPath = "";
			projectRoot = "";
			targets = (
				D125986D2165059B0027065D /* Adventure */,
			);
		};
/* End PBXProject section */

/* Begin PBXResourcesBuildPhase section */
		D125986C2165059B0027065D /* Resources */ = {
			isa = PBXResourcesBuildPhase;
			buildActionMask = 2147483647;
			files = (
				D125987C2165059C0027065D /* LaunchScreen.storyboard in Resources */,
				D12598792165059C0027065D /* Assets.xcassets in Resources */,
				D125989321650F160027065D /* SideMenuVC.xib in Resources */,
				D12598B02169065A0027065D /* TextDisplayCell.xib in Resources */,
				D12E31212175EDD800DE4053 /* InteractionMenuVC.xib in Resources */,
				D125989C216517840027065D /* Game.storyboard in Resources */,
				D11F6B74216A0FF4002813D0 /* TextDisplayVC.xib in Resources */,
				D12598772165059B0027065D /* StartMenu.storyboard in Resources */,
			);
			runOnlyForDeploymentPostprocessing = 0;
		};
/* End PBXResourcesBuildPhase section */

/* Begin PBXSourcesBuildPhase section */
		D125986A2165059B0027065D /* Sources */ = {
			isa = PBXSourcesBuildPhase;
			buildActionMask = 2147483647;
			files = (
				D12598A92168EAAD0027065D /* TextDisplayVC.swift in Sources */,
				D1259897216512910027065D /* NewGameVC.swift in Sources */,
				D125988B21650CA60027065D /* TableViewDataSource.swift in Sources */,
				D125989E216517AB0027065D /* GameVC.swift in Sources */,
				D125989421650F160027065D /* SideMenuVC.swift in Sources */,
				D125988521650BD20027065D /* Logger.swift in Sources */,
				D12E31232175F35A00DE4053 /* Array.swift in Sources */,
				D12598A121651A0D0027065D /* InteractionMenuVC.swift in Sources */,
				D12598AE2168F6330027065D /* UIViewController.swift in Sources */,
				D12598722165059B0027065D /* AppDelegate.swift in Sources */,
				D12598AB2168ECAF0027065D /* Globals.swift in Sources */,
				D125988D21650DAD0027065D /* TableViewDelegate.swift in Sources */,
				D12E3128217613CF00DE4053 /* MenuButton.swift in Sources */,
				D12598B2216906A80027065D /* TextDisplayCell.swift in Sources */,
				D12598A621651DAD0027065D /* BaseDataManager.swift in Sources */,
				D1259899216513090027065D /* StartMenuVC.swift in Sources */,
			);
			runOnlyForDeploymentPostprocessing = 0;
		};
/* End PBXSourcesBuildPhase section */

/* Begin PBXVariantGroup section */
		D12598752165059B0027065D /* StartMenu.storyboard */ = {
			isa = PBXVariantGroup;
			children = (
				D12598762165059B0027065D /* Base */,
			);
			name = StartMenu.storyboard;
			sourceTree = "<group>";
		};
		D125987A2165059C0027065D /* LaunchScreen.storyboard */ = {
			isa = PBXVariantGroup;
			children = (
				D125987B2165059C0027065D /* Base */,
			);
			name = LaunchScreen.storyboard;
			sourceTree = "<group>";
		};
/* End PBXVariantGroup section */

/* Begin XCBuildConfiguration section */
		D125987E2165059C0027065D /* Debug */ = {
			isa = XCBuildConfiguration;
			buildSettings = {
				ALWAYS_SEARCH_USER_PATHS = NO;
				CLANG_ANALYZER_NONNULL = YES;
				CLANG_ANALYZER_NUMBER_OBJECT_CONVERSION = YES_AGGRESSIVE;
				CLANG_CXX_LANGUAGE_STANDARD = "gnu++14";
				CLANG_CXX_LIBRARY = "libc++";
				CLANG_ENABLE_MODULES = YES;
				CLANG_ENABLE_OBJC_ARC = YES;
				CLANG_ENABLE_OBJC_WEAK = YES;
				CLANG_WARN_BLOCK_CAPTURE_AUTORELEASING = YES;
				CLANG_WARN_BOOL_CONVERSION = YES;
				CLANG_WARN_COMMA = YES;
				CLANG_WARN_CONSTANT_CONVERSION = YES;
				CLANG_WARN_DEPRECATED_OBJC_IMPLEMENTATIONS = YES;
				CLANG_WARN_DIRECT_OBJC_ISA_USAGE = YES_ERROR;
				CLANG_WARN_DOCUMENTATION_COMMENTS = YES;
				CLANG_WARN_EMPTY_BODY = YES;
				CLANG_WARN_ENUM_CONVERSION = YES;
				CLANG_WARN_INFINITE_RECURSION = YES;
				CLANG_WARN_INT_CONVERSION = YES;
				CLANG_WARN_NON_LITERAL_NULL_CONVERSION = YES;
				CLANG_WARN_OBJC_IMPLICIT_RETAIN_SELF = YES;
				CLANG_WARN_OBJC_LITERAL_CONVERSION = YES;
				CLANG_WARN_OBJC_ROOT_CLASS = YES_ERROR;
				CLANG_WARN_RANGE_LOOP_ANALYSIS = YES;
				CLANG_WARN_STRICT_PROTOTYPES = YES;
				CLANG_WARN_SUSPICIOUS_MOVE = YES;
				CLANG_WARN_UNGUARDED_AVAILABILITY = YES_AGGRESSIVE;
				CLANG_WARN_UNREACHABLE_CODE = YES;
				CLANG_WARN__DUPLICATE_METHOD_MATCH = YES;
				CODE_SIGN_IDENTITY = "iPhone Developer";
				COPY_PHASE_STRIP = NO;
				DEBUG_INFORMATION_FORMAT = dwarf;
				ENABLE_STRICT_OBJC_MSGSEND = YES;
				ENABLE_TESTABILITY = YES;
				GCC_C_LANGUAGE_STANDARD = gnu11;
				GCC_DYNAMIC_NO_PIC = NO;
				GCC_NO_COMMON_BLOCKS = YES;
				GCC_OPTIMIZATION_LEVEL = 0;
				GCC_PREPROCESSOR_DEFINITIONS = (
					"DEBUG=1",
					"$(inherited)",
				);
				GCC_WARN_64_TO_32_BIT_CONVERSION = YES;
				GCC_WARN_ABOUT_RETURN_TYPE = YES_ERROR;
				GCC_WARN_UNDECLARED_SELECTOR = YES;
				GCC_WARN_UNINITIALIZED_AUTOS = YES_AGGRESSIVE;
				GCC_WARN_UNUSED_FUNCTION = YES;
				GCC_WARN_UNUSED_VARIABLE = YES;
				IPHONEOS_DEPLOYMENT_TARGET = 11.4;
				MTL_ENABLE_DEBUG_INFO = YES;
				ONLY_ACTIVE_ARCH = YES;
				SDKROOT = iphoneos;
				SWIFT_ACTIVE_COMPILATION_CONDITIONS = DEBUG;
				SWIFT_OPTIMIZATION_LEVEL = "-Onone";
			};
			name = Debug;
		};
		D125987F2165059C0027065D /* Release */ = {
			isa = XCBuildConfiguration;
			buildSettings = {
				ALWAYS_SEARCH_USER_PATHS = NO;
				CLANG_ANALYZER_NONNULL = YES;
				CLANG_ANALYZER_NUMBER_OBJECT_CONVERSION = YES_AGGRESSIVE;
				CLANG_CXX_LANGUAGE_STANDARD = "gnu++14";
				CLANG_CXX_LIBRARY = "libc++";
				CLANG_ENABLE_MODULES = YES;
				CLANG_ENABLE_OBJC_ARC = YES;
				CLANG_ENABLE_OBJC_WEAK = YES;
				CLANG_WARN_BLOCK_CAPTURE_AUTORELEASING = YES;
				CLANG_WARN_BOOL_CONVERSION = YES;
				CLANG_WARN_COMMA = YES;
				CLANG_WARN_CONSTANT_CONVERSION = YES;
				CLANG_WARN_DEPRECATED_OBJC_IMPLEMENTATIONS = YES;
				CLANG_WARN_DIRECT_OBJC_ISA_USAGE = YES_ERROR;
				CLANG_WARN_DOCUMENTATION_COMMENTS = YES;
				CLANG_WARN_EMPTY_BODY = YES;
				CLANG_WARN_ENUM_CONVERSION = YES;
				CLANG_WARN_INFINITE_RECURSION = YES;
				CLANG_WARN_INT_CONVERSION = YES;
				CLANG_WARN_NON_LITERAL_NULL_CONVERSION = YES;
				CLANG_WARN_OBJC_IMPLICIT_RETAIN_SELF = YES;
				CLANG_WARN_OBJC_LITERAL_CONVERSION = YES;
				CLANG_WARN_OBJC_ROOT_CLASS = YES_ERROR;
				CLANG_WARN_RANGE_LOOP_ANALYSIS = YES;
				CLANG_WARN_STRICT_PROTOTYPES = YES;
				CLANG_WARN_SUSPICIOUS_MOVE = YES;
				CLANG_WARN_UNGUARDED_AVAILABILITY = YES_AGGRESSIVE;
				CLANG_WARN_UNREACHABLE_CODE = YES;
				CLANG_WARN__DUPLICATE_METHOD_MATCH = YES;
				CODE_SIGN_IDENTITY = "iPhone Developer";
				COPY_PHASE_STRIP = NO;
				DEBUG_INFORMATION_FORMAT = "dwarf-with-dsym";
				ENABLE_NS_ASSERTIONS = NO;
				ENABLE_STRICT_OBJC_MSGSEND = YES;
				GCC_C_LANGUAGE_STANDARD = gnu11;
				GCC_NO_COMMON_BLOCKS = YES;
				GCC_WARN_64_TO_32_BIT_CONVERSION = YES;
				GCC_WARN_ABOUT_RETURN_TYPE = YES_ERROR;
				GCC_WARN_UNDECLARED_SELECTOR = YES;
				GCC_WARN_UNINITIALIZED_AUTOS = YES_AGGRESSIVE;
				GCC_WARN_UNUSED_FUNCTION = YES;
				GCC_WARN_UNUSED_VARIABLE = YES;
				IPHONEOS_DEPLOYMENT_TARGET = 11.4;
				MTL_ENABLE_DEBUG_INFO = NO;
				SDKROOT = iphoneos;
				SWIFT_COMPILATION_MODE = wholemodule;
				SWIFT_OPTIMIZATION_LEVEL = "-O";
				VALIDATE_PRODUCT = YES;
			};
			name = Release;
		};
		D12598812165059C0027065D /* Debug */ = {
			isa = XCBuildConfiguration;
			buildSettings = {
				ASSETCATALOG_COMPILER_APPICON_NAME = AppIcon;
				CODE_SIGN_STYLE = Automatic;
				INFOPLIST_FILE = Adventure/Info.plist;
				LD_RUNPATH_SEARCH_PATHS = (
					"$(inherited)",
					"@executable_path/Frameworks",
				);
				PRODUCT_BUNDLE_IDENTIFIER = com.apersson.Adventure;
				PRODUCT_NAME = "$(TARGET_NAME)";
				SWIFT_VERSION = 4.0;
				TARGETED_DEVICE_FAMILY = "1,2";
			};
			name = Debug;
		};
		D12598822165059C0027065D /* Release */ = {
			isa = XCBuildConfiguration;
			buildSettings = {
				ASSETCATALOG_COMPILER_APPICON_NAME = AppIcon;
				CODE_SIGN_STYLE = Automatic;
				INFOPLIST_FILE = Adventure/Info.plist;
				LD_RUNPATH_SEARCH_PATHS = (
					"$(inherited)",
					"@executable_path/Frameworks",
				);
				PRODUCT_BUNDLE_IDENTIFIER = com.apersson.Adventure;
				PRODUCT_NAME = "$(TARGET_NAME)";
				SWIFT_VERSION = 4.0;
				TARGETED_DEVICE_FAMILY = "1,2";
			};
			name = Release;
		};
/* End XCBuildConfiguration section */

/* Begin XCConfigurationList section */
		D12598692165059B0027065D /* Build configuration list for PBXProject "Adventure" */ = {
			isa = XCConfigurationList;
			buildConfigurations = (
				D125987E2165059C0027065D /* Debug */,
				D125987F2165059C0027065D /* Release */,
			);
			defaultConfigurationIsVisible = 0;
			defaultConfigurationName = Release;
		};
		D12598802165059C0027065D /* Build configuration list for PBXNativeTarget "Adventure" */ = {
			isa = XCConfigurationList;
			buildConfigurations = (
				D12598812165059C0027065D /* Debug */,
				D12598822165059C0027065D /* Release */,
			);
			defaultConfigurationIsVisible = 0;
			defaultConfigurationName = Release;
		};
/* End XCConfigurationList section */
	};
	rootObject = D12598662165059B0027065D /* Project object */;
}
